// !$*UTF8*$!
{
	archiveVersion = 1;
	classes = {
	};
	objectVersion = 46;
	objects = {

/* Begin PBXBuildFile section */
		0CA23DA719E3E0C200EB4626 /* main.m in Sources */ = {isa = PBXBuildFile; fileRef = 0CA23DA619E3E0C200EB4626 /* main.m */; };
		0CA23DAA19E3E0C200EB4626 /* AppDelegate.m in Sources */ = {isa = PBXBuildFile; fileRef = 0CA23DA919E3E0C200EB4626 /* AppDelegate.m */; };
		0CA23DAD19E3E0C200EB4626 /* iChat.xcdatamodeld in Sources */ = {isa = PBXBuildFile; fileRef = 0CA23DAB19E3E0C200EB4626 /* iChat.xcdatamodeld */; };
		0CA23DB319E3E0C200EB4626 /* Main.storyboard in Resources */ = {isa = PBXBuildFile; fileRef = 0CA23DB119E3E0C200EB4626 /* Main.storyboard */; };
		0CA23DB519E3E0C200EB4626 /* Images.xcassets in Resources */ = {isa = PBXBuildFile; fileRef = 0CA23DB419E3E0C200EB4626 /* Images.xcassets */; };
		0CA23DB819E3E0C200EB4626 /* LaunchScreen.xib in Resources */ = {isa = PBXBuildFile; fileRef = 0CA23DB619E3E0C200EB4626 /* LaunchScreen.xib */; };
		0CA23DCF19E3E29600EB4626 /* User.m in Sources */ = {isa = PBXBuildFile; fileRef = 0CA23DCE19E3E29600EB4626 /* User.m */; };
		0CA23DD219E3E31800EB4626 /* Conversation.m in Sources */ = {isa = PBXBuildFile; fileRef = 0CA23DD119E3E31800EB4626 /* Conversation.m */; };
		0CA23DD519E3E32100EB4626 /* Message.m in Sources */ = {isa = PBXBuildFile; fileRef = 0CA23DD419E3E32100EB4626 /* Message.m */; };
		0CA23DD919E3E74700EB4626 /* Bolts.framework in Frameworks */ = {isa = PBXBuildFile; fileRef = 0CA23DD719E3E74700EB4626 /* Bolts.framework */; };
		0CA23DDA19E3E74800EB4626 /* Parse.framework in Frameworks */ = {isa = PBXBuildFile; fileRef = 0CA23DD819E3E74700EB4626 /* Parse.framework */; };
		0CA23DDD19E3E76900EB4626 /* AudioToolbox.framework in Frameworks */ = {isa = PBXBuildFile; fileRef = 0CA23DDC19E3E76900EB4626 /* AudioToolbox.framework */; };
		0CA23DDF19E3E76E00EB4626 /* CFNetwork.framework in Frameworks */ = {isa = PBXBuildFile; fileRef = 0CA23DDE19E3E76E00EB4626 /* CFNetwork.framework */; };
		0CA23DE119E3E77700EB4626 /* CoreGraphics.framework in Frameworks */ = {isa = PBXBuildFile; fileRef = 0CA23DE019E3E77700EB4626 /* CoreGraphics.framework */; };
		0CA23DE319E3E77D00EB4626 /* CoreLocation.framework in Frameworks */ = {isa = PBXBuildFile; fileRef = 0CA23DE219E3E77D00EB4626 /* CoreLocation.framework */; };
		0CA23DE519E3E78500EB4626 /* libz.dylib in Frameworks */ = {isa = PBXBuildFile; fileRef = 0CA23DE419E3E78500EB4626 /* libz.dylib */; };
		0CA23DE719E3E78E00EB4626 /* MobileCoreServices.framework in Frameworks */ = {isa = PBXBuildFile; fileRef = 0CA23DE619E3E78E00EB4626 /* MobileCoreServices.framework */; };
		0CA23DE919E3E79300EB4626 /* QuartzCore.framework in Frameworks */ = {isa = PBXBuildFile; fileRef = 0CA23DE819E3E79300EB4626 /* QuartzCore.framework */; };
		0CA23DEB19E3E79B00EB4626 /* Security.framework in Frameworks */ = {isa = PBXBuildFile; fileRef = 0CA23DEA19E3E79B00EB4626 /* Security.framework */; };
		0CA23DED19E3E7A100EB4626 /* StoreKit.framework in Frameworks */ = {isa = PBXBuildFile; fileRef = 0CA23DEC19E3E7A100EB4626 /* StoreKit.framework */; };
		0CA23DEF19E3E7AF00EB4626 /* SystemConfiguration.framework in Frameworks */ = {isa = PBXBuildFile; fileRef = 0CA23DEE19E3E7AF00EB4626 /* SystemConfiguration.framework */; };
		0CA23DF019E3E94000EB4626 /* Bolts.framework in Frameworks */ = {isa = PBXBuildFile; fileRef = 0CA23DD719E3E74700EB4626 /* Bolts.framework */; };
		0CA23DF119E3E94300EB4626 /* Parse.framework in Frameworks */ = {isa = PBXBuildFile; fileRef = 0CA23DD819E3E74700EB4626 /* Parse.framework */; };
		0CA23DF219E3E96500EB4626 /* SystemConfiguration.framework in Frameworks */ = {isa = PBXBuildFile; fileRef = 0CA23DEE19E3E7AF00EB4626 /* SystemConfiguration.framework */; };
		0CA23DF319E3E96500EB4626 /* StoreKit.framework in Frameworks */ = {isa = PBXBuildFile; fileRef = 0CA23DEC19E3E7A100EB4626 /* StoreKit.framework */; };
		0CA23DF419E3E96500EB4626 /* Security.framework in Frameworks */ = {isa = PBXBuildFile; fileRef = 0CA23DEA19E3E79B00EB4626 /* Security.framework */; };
		0CA23DF519E3E96500EB4626 /* QuartzCore.framework in Frameworks */ = {isa = PBXBuildFile; fileRef = 0CA23DE819E3E79300EB4626 /* QuartzCore.framework */; };
		0CA23DF619E3E96500EB4626 /* MobileCoreServices.framework in Frameworks */ = {isa = PBXBuildFile; fileRef = 0CA23DE619E3E78E00EB4626 /* MobileCoreServices.framework */; };
		0CA23DF719E3E96500EB4626 /* CoreLocation.framework in Frameworks */ = {isa = PBXBuildFile; fileRef = 0CA23DE219E3E77D00EB4626 /* CoreLocation.framework */; };
		0CA23DF819E3E96500EB4626 /* CoreGraphics.framework in Frameworks */ = {isa = PBXBuildFile; fileRef = 0CA23DE019E3E77700EB4626 /* CoreGraphics.framework */; };
		0CA23DF919E3E96500EB4626 /* CFNetwork.framework in Frameworks */ = {isa = PBXBuildFile; fileRef = 0CA23DDE19E3E76E00EB4626 /* CFNetwork.framework */; };
		0CA23DFA19E3E96500EB4626 /* AudioToolbox.framework in Frameworks */ = {isa = PBXBuildFile; fileRef = 0CA23DDC19E3E76900EB4626 /* AudioToolbox.framework */; };
		0CA23DFD19E3F08800EB4626 /* ChatService.m in Sources */ = {isa = PBXBuildFile; fileRef = 0CA23DFC19E3F08800EB4626 /* ChatService.m */; };
		0CA23DFE19E3F08800EB4626 /* ChatService.m in Sources */ = {isa = PBXBuildFile; fileRef = 0CA23DFC19E3F08800EB4626 /* ChatService.m */; };
		0CA23E0319E41D6C00EB4626 /* ConversationsTableViewController.m in Sources */ = {isa = PBXBuildFile; fileRef = 0CA23E0219E41D6C00EB4626 /* ConversationsTableViewController.m */; };
		0CA23E0419E41D6C00EB4626 /* ConversationsTableViewController.m in Sources */ = {isa = PBXBuildFile; fileRef = 0CA23E0219E41D6C00EB4626 /* ConversationsTableViewController.m */; };
		0CA23E0719E41D7B00EB4626 /* UsersTableViewController.m in Sources */ = {isa = PBXBuildFile; fileRef = 0CA23E0619E41D7B00EB4626 /* UsersTableViewController.m */; };
		0CA23E0819E41D7B00EB4626 /* UsersTableViewController.m in Sources */ = {isa = PBXBuildFile; fileRef = 0CA23E0619E41D7B00EB4626 /* UsersTableViewController.m */; };
		0CA23E0B19E41D8600EB4626 /* MessagesTableViewController.m in Sources */ = {isa = PBXBuildFile; fileRef = 0CA23E0A19E41D8600EB4626 /* MessagesTableViewController.m */; };
		0CA23E0C19E41D8600EB4626 /* MessagesTableViewController.m in Sources */ = {isa = PBXBuildFile; fileRef = 0CA23E0A19E41D8600EB4626 /* MessagesTableViewController.m */; };
		0CA23E0E19E420B300EB4626 /* Accounts.framework in Frameworks */ = {isa = PBXBuildFile; fileRef = 0CA23E0D19E420B300EB4626 /* Accounts.framework */; };
		0CA23E1019E420B800EB4626 /* Social.framework in Frameworks */ = {isa = PBXBuildFile; fileRef = 0CA23E0F19E420B800EB4626 /* Social.framework */; };
		0CA23E1219E420BF00EB4626 /* Twitter.framework in Frameworks */ = {isa = PBXBuildFile; fileRef = 0CA23E1119E420BF00EB4626 /* Twitter.framework */; };
		0CA23E2119E4758D00EB4626 /* ChatServiceTest.m in Sources */ = {isa = PBXBuildFile; fileRef = 0CA23E2019E4758D00EB4626 /* ChatServiceTest.m */; };
		0CA23E2419E484B400EB4626 /* ConversationsListviewModel.m in Sources */ = {isa = PBXBuildFile; fileRef = 0CA23E2319E484B400EB4626 /* ConversationsListviewModel.m */; };
/* End PBXBuildFile section */

/* Begin PBXContainerItemProxy section */
		0CA23DBE19E3E0C200EB4626 /* PBXContainerItemProxy */ = {
			isa = PBXContainerItemProxy;
			containerPortal = 0CA23D9919E3E0C200EB4626 /* Project object */;
			proxyType = 1;
			remoteGlobalIDString = 0CA23DA019E3E0C200EB4626;
			remoteInfo = iChat;
		};
/* End PBXContainerItemProxy section */

/* Begin PBXFileReference section */
		0CA23DA119E3E0C200EB4626 /* iChat.app */ = {isa = PBXFileReference; explicitFileType = wrapper.application; includeInIndex = 0; path = iChat.app; sourceTree = BUILT_PRODUCTS_DIR; };
		0CA23DA519E3E0C200EB4626 /* Info.plist */ = {isa = PBXFileReference; lastKnownFileType = text.plist.xml; path = Info.plist; sourceTree = "<group>"; };
		0CA23DA619E3E0C200EB4626 /* main.m */ = {isa = PBXFileReference; lastKnownFileType = sourcecode.c.objc; path = main.m; sourceTree = "<group>"; };
		0CA23DA819E3E0C200EB4626 /* AppDelegate.h */ = {isa = PBXFileReference; lastKnownFileType = sourcecode.c.h; path = AppDelegate.h; sourceTree = "<group>"; };
		0CA23DA919E3E0C200EB4626 /* AppDelegate.m */ = {isa = PBXFileReference; lastKnownFileType = sourcecode.c.objc; path = AppDelegate.m; sourceTree = "<group>"; };
		0CA23DAC19E3E0C200EB4626 /* iChat.xcdatamodel */ = {isa = PBXFileReference; lastKnownFileType = wrapper.xcdatamodel; path = iChat.xcdatamodel; sourceTree = "<group>"; };
		0CA23DB219E3E0C200EB4626 /* Base */ = {isa = PBXFileReference; lastKnownFileType = file.storyboard; name = Base; path = Base.lproj/Main.storyboard; sourceTree = "<group>"; };
		0CA23DB419E3E0C200EB4626 /* Images.xcassets */ = {isa = PBXFileReference; lastKnownFileType = folder.assetcatalog; path = Images.xcassets; sourceTree = "<group>"; };
		0CA23DB719E3E0C200EB4626 /* Base */ = {isa = PBXFileReference; lastKnownFileType = file.xib; name = Base; path = Base.lproj/LaunchScreen.xib; sourceTree = "<group>"; };
		0CA23DBD19E3E0C200EB4626 /* iChatTests.xctest */ = {isa = PBXFileReference; explicitFileType = wrapper.cfbundle; includeInIndex = 0; path = iChatTests.xctest; sourceTree = BUILT_PRODUCTS_DIR; };
		0CA23DC219E3E0C200EB4626 /* Info.plist */ = {isa = PBXFileReference; lastKnownFileType = text.plist.xml; path = Info.plist; sourceTree = "<group>"; };
		0CA23DCD19E3E29600EB4626 /* User.h */ = {isa = PBXFileReference; fileEncoding = 4; lastKnownFileType = sourcecode.c.h; path = User.h; sourceTree = "<group>"; };
		0CA23DCE19E3E29600EB4626 /* User.m */ = {isa = PBXFileReference; fileEncoding = 4; lastKnownFileType = sourcecode.c.objc; path = User.m; sourceTree = "<group>"; };
		0CA23DD019E3E31800EB4626 /* Conversation.h */ = {isa = PBXFileReference; fileEncoding = 4; lastKnownFileType = sourcecode.c.h; path = Conversation.h; sourceTree = "<group>"; };
		0CA23DD119E3E31800EB4626 /* Conversation.m */ = {isa = PBXFileReference; fileEncoding = 4; lastKnownFileType = sourcecode.c.objc; path = Conversation.m; sourceTree = "<group>"; };
		0CA23DD319E3E32100EB4626 /* Message.h */ = {isa = PBXFileReference; fileEncoding = 4; lastKnownFileType = sourcecode.c.h; path = Message.h; sourceTree = "<group>"; };
		0CA23DD419E3E32100EB4626 /* Message.m */ = {isa = PBXFileReference; fileEncoding = 4; lastKnownFileType = sourcecode.c.objc; path = Message.m; sourceTree = "<group>"; };
		0CA23DD719E3E74700EB4626 /* Bolts.framework */ = {isa = PBXFileReference; lastKnownFileType = wrapper.framework; path = Bolts.framework; sourceTree = "<group>"; };
		0CA23DD819E3E74700EB4626 /* Parse.framework */ = {isa = PBXFileReference; lastKnownFileType = wrapper.framework; path = Parse.framework; sourceTree = "<group>"; };
		0CA23DDC19E3E76900EB4626 /* AudioToolbox.framework */ = {isa = PBXFileReference; lastKnownFileType = wrapper.framework; name = AudioToolbox.framework; path = System/Library/Frameworks/AudioToolbox.framework; sourceTree = SDKROOT; };
		0CA23DDE19E3E76E00EB4626 /* CFNetwork.framework */ = {isa = PBXFileReference; lastKnownFileType = wrapper.framework; name = CFNetwork.framework; path = System/Library/Frameworks/CFNetwork.framework; sourceTree = SDKROOT; };
		0CA23DE019E3E77700EB4626 /* CoreGraphics.framework */ = {isa = PBXFileReference; lastKnownFileType = wrapper.framework; name = CoreGraphics.framework; path = System/Library/Frameworks/CoreGraphics.framework; sourceTree = SDKROOT; };
		0CA23DE219E3E77D00EB4626 /* CoreLocation.framework */ = {isa = PBXFileReference; lastKnownFileType = wrapper.framework; name = CoreLocation.framework; path = System/Library/Frameworks/CoreLocation.framework; sourceTree = SDKROOT; };
		0CA23DE419E3E78500EB4626 /* libz.dylib */ = {isa = PBXFileReference; lastKnownFileType = "compiled.mach-o.dylib"; name = libz.dylib; path = usr/lib/libz.dylib; sourceTree = SDKROOT; };
		0CA23DE619E3E78E00EB4626 /* MobileCoreServices.framework */ = {isa = PBXFileReference; lastKnownFileType = wrapper.framework; name = MobileCoreServices.framework; path = System/Library/Frameworks/MobileCoreServices.framework; sourceTree = SDKROOT; };
		0CA23DE819E3E79300EB4626 /* QuartzCore.framework */ = {isa = PBXFileReference; lastKnownFileType = wrapper.framework; name = QuartzCore.framework; path = System/Library/Frameworks/QuartzCore.framework; sourceTree = SDKROOT; };
		0CA23DEA19E3E79B00EB4626 /* Security.framework */ = {isa = PBXFileReference; lastKnownFileType = wrapper.framework; name = Security.framework; path = System/Library/Frameworks/Security.framework; sourceTree = SDKROOT; };
		0CA23DEC19E3E7A100EB4626 /* StoreKit.framework */ = {isa = PBXFileReference; lastKnownFileType = wrapper.framework; name = StoreKit.framework; path = System/Library/Frameworks/StoreKit.framework; sourceTree = SDKROOT; };
		0CA23DEE19E3E7AF00EB4626 /* SystemConfiguration.framework */ = {isa = PBXFileReference; lastKnownFileType = wrapper.framework; name = SystemConfiguration.framework; path = System/Library/Frameworks/SystemConfiguration.framework; sourceTree = SDKROOT; };
		0CA23DFB19E3F08800EB4626 /* ChatService.h */ = {isa = PBXFileReference; fileEncoding = 4; lastKnownFileType = sourcecode.c.h; path = ChatService.h; sourceTree = "<group>"; };
		0CA23DFC19E3F08800EB4626 /* ChatService.m */ = {isa = PBXFileReference; fileEncoding = 4; lastKnownFileType = sourcecode.c.objc; path = ChatService.m; sourceTree = "<group>"; };
		0CA23E0119E41D6C00EB4626 /* ConversationsTableViewController.h */ = {isa = PBXFileReference; fileEncoding = 4; lastKnownFileType = sourcecode.c.h; path = ConversationsTableViewController.h; sourceTree = "<group>"; };
		0CA23E0219E41D6C00EB4626 /* ConversationsTableViewController.m */ = {isa = PBXFileReference; fileEncoding = 4; lastKnownFileType = sourcecode.c.objc; path = ConversationsTableViewController.m; sourceTree = "<group>"; };
		0CA23E0519E41D7B00EB4626 /* UsersTableViewController.h */ = {isa = PBXFileReference; fileEncoding = 4; lastKnownFileType = sourcecode.c.h; path = UsersTableViewController.h; sourceTree = "<group>"; };
		0CA23E0619E41D7B00EB4626 /* UsersTableViewController.m */ = {isa = PBXFileReference; fileEncoding = 4; lastKnownFileType = sourcecode.c.objc; path = UsersTableViewController.m; sourceTree = "<group>"; };
		0CA23E0919E41D8600EB4626 /* MessagesTableViewController.h */ = {isa = PBXFileReference; fileEncoding = 4; lastKnownFileType = sourcecode.c.h; path = MessagesTableViewController.h; sourceTree = "<group>"; };
		0CA23E0A19E41D8600EB4626 /* MessagesTableViewController.m */ = {isa = PBXFileReference; fileEncoding = 4; lastKnownFileType = sourcecode.c.objc; path = MessagesTableViewController.m; sourceTree = "<group>"; };
		0CA23E0D19E420B300EB4626 /* Accounts.framework */ = {isa = PBXFileReference; lastKnownFileType = wrapper.framework; name = Accounts.framework; path = System/Library/Frameworks/Accounts.framework; sourceTree = SDKROOT; };
		0CA23E0F19E420B800EB4626 /* Social.framework */ = {isa = PBXFileReference; lastKnownFileType = wrapper.framework; name = Social.framework; path = System/Library/Frameworks/Social.framework; sourceTree = SDKROOT; };
		0CA23E1119E420BF00EB4626 /* Twitter.framework */ = {isa = PBXFileReference; lastKnownFileType = wrapper.framework; name = Twitter.framework; path = System/Library/Frameworks/Twitter.framework; sourceTree = SDKROOT; };
		0CA23E2019E4758D00EB4626 /* ChatServiceTest.m */ = {isa = PBXFileReference; fileEncoding = 4; lastKnownFileType = sourcecode.c.objc; path = ChatServiceTest.m; sourceTree = "<group>"; };
		0CA23E2219E484B400EB4626 /* ConversationsListviewModel.h */ = {isa = PBXFileReference; fileEncoding = 4; lastKnownFileType = sourcecode.c.h; path = ConversationsListviewModel.h; sourceTree = "<group>"; };
		0CA23E2319E484B400EB4626 /* ConversationsListviewModel.m */ = {isa = PBXFileReference; fileEncoding = 4; lastKnownFileType = sourcecode.c.objc; path = ConversationsListviewModel.m; sourceTree = "<group>"; };
/* End PBXFileReference section */

/* Begin PBXFrameworksBuildPhase section */
		0CA23D9E19E3E0C200EB4626 /* Frameworks */ = {
			isa = PBXFrameworksBuildPhase;
			buildActionMask = 2147483647;
			files = (
				0CA23E1219E420BF00EB4626 /* Twitter.framework in Frameworks */,
				0CA23E1019E420B800EB4626 /* Social.framework in Frameworks */,
				0CA23E0E19E420B300EB4626 /* Accounts.framework in Frameworks */,
				0CA23DEF19E3E7AF00EB4626 /* SystemConfiguration.framework in Frameworks */,
				0CA23DED19E3E7A100EB4626 /* StoreKit.framework in Frameworks */,
				0CA23DEB19E3E79B00EB4626 /* Security.framework in Frameworks */,
				0CA23DE919E3E79300EB4626 /* QuartzCore.framework in Frameworks */,
				0CA23DE719E3E78E00EB4626 /* MobileCoreServices.framework in Frameworks */,
				0CA23DE519E3E78500EB4626 /* libz.dylib in Frameworks */,
				0CA23DE319E3E77D00EB4626 /* CoreLocation.framework in Frameworks */,
				0CA23DE119E3E77700EB4626 /* CoreGraphics.framework in Frameworks */,
				0CA23DDF19E3E76E00EB4626 /* CFNetwork.framework in Frameworks */,
				0CA23DDD19E3E76900EB4626 /* AudioToolbox.framework in Frameworks */,
				0CA23DDA19E3E74800EB4626 /* Parse.framework in Frameworks */,
				0CA23DD919E3E74700EB4626 /* Bolts.framework in Frameworks */,
			);
			runOnlyForDeploymentPostprocessing = 0;
		};
		0CA23DBA19E3E0C200EB4626 /* Frameworks */ = {
			isa = PBXFrameworksBuildPhase;
			buildActionMask = 2147483647;
			files = (
				0CA23DF119E3E94300EB4626 /* Parse.framework in Frameworks */,
				0CA23DF619E3E96500EB4626 /* MobileCoreServices.framework in Frameworks */,
				0CA23DF419E3E96500EB4626 /* Security.framework in Frameworks */,
				0CA23DFA19E3E96500EB4626 /* AudioToolbox.framework in Frameworks */,
				0CA23DF819E3E96500EB4626 /* CoreGraphics.framework in Frameworks */,
				0CA23DF919E3E96500EB4626 /* CFNetwork.framework in Frameworks */,
				0CA23DF519E3E96500EB4626 /* QuartzCore.framework in Frameworks */,
				0CA23DF719E3E96500EB4626 /* CoreLocation.framework in Frameworks */,
				0CA23DF219E3E96500EB4626 /* SystemConfiguration.framework in Frameworks */,
				0CA23DF019E3E94000EB4626 /* Bolts.framework in Frameworks */,
				0CA23DF319E3E96500EB4626 /* StoreKit.framework in Frameworks */,
			);
			runOnlyForDeploymentPostprocessing = 0;
		};
/* End PBXFrameworksBuildPhase section */

/* Begin PBXGroup section */
		0CA23D9819E3E0C100EB4626 = {
			isa = PBXGroup;
			children = (
				0CA23DA319E3E0C200EB4626 /* iChat */,
				0CA23DC019E3E0C200EB4626 /* iChatTests */,
				0CA23DA219E3E0C200EB4626 /* Products */,
			);
			sourceTree = "<group>";
		};
		0CA23DA219E3E0C200EB4626 /* Products */ = {
			isa = PBXGroup;
			children = (
				0CA23DA119E3E0C200EB4626 /* iChat.app */,
				0CA23DBD19E3E0C200EB4626 /* iChatTests.xctest */,
			);
			name = Products;
			sourceTree = "<group>";
		};
		0CA23DA319E3E0C200EB4626 /* iChat */ = {
			isa = PBXGroup;
			children = (
				0CA23DDB19E3E74C00EB4626 /* frameworks */,
				0CA23DA819E3E0C200EB4626 /* AppDelegate.h */,
				0CA23DA919E3E0C200EB4626 /* AppDelegate.m */,
				0CA23E0019E41D1F00EB4626 /* Controller */,
				0CA23DB119E3E0C200EB4626 /* Main.storyboard */,
				0CA23E2519E48FCD00EB4626 /* ViewModel */,
				0CA23DFF19E3F08E00EB4626 /* DataAccess Layer */,
				0CA23DB419E3E0C200EB4626 /* Images.xcassets */,
				0CA23DB619E3E0C200EB4626 /* LaunchScreen.xib */,
				0CA23DAB19E3E0C200EB4626 /* iChat.xcdatamodeld */,
				0CA23DA419E3E0C200EB4626 /* Supporting Files */,
				0CA23DD619E3E32700EB4626 /* Buisness Layer */,
			);
			path = iChat;
			sourceTree = "<group>";
		};
		0CA23DA419E3E0C200EB4626 /* Supporting Files */ = {
			isa = PBXGroup;
			children = (
				0CA23DA519E3E0C200EB4626 /* Info.plist */,
				0CA23DA619E3E0C200EB4626 /* main.m */,
			);
			name = "Supporting Files";
			sourceTree = "<group>";
		};
		0CA23DC019E3E0C200EB4626 /* iChatTests */ = {
			isa = PBXGroup;
			children = (
				0CA23E2019E4758D00EB4626 /* ChatServiceTest.m */,
				0CA23DC119E3E0C200EB4626 /* Supporting Files */,
			);
			path = iChatTests;
			sourceTree = "<group>";
		};
		0CA23DC119E3E0C200EB4626 /* Supporting Files */ = {
			isa = PBXGroup;
			children = (
				0CA23DC219E3E0C200EB4626 /* Info.plist */,
			);
			name = "Supporting Files";
			sourceTree = "<group>";
		};
		0CA23DD619E3E32700EB4626 /* Buisness Layer */ = {
			isa = PBXGroup;
			children = (
				0CA23DCD19E3E29600EB4626 /* User.h */,
				0CA23DD319E3E32100EB4626 /* Message.h */,
				0CA23DD019E3E31800EB4626 /* Conversation.h */,
				0CA23DCE19E3E29600EB4626 /* User.m */,
				0CA23DD119E3E31800EB4626 /* Conversation.m */,
				0CA23DD419E3E32100EB4626 /* Message.m */,
			);
			name = "Buisness Layer";
			sourceTree = "<group>";
		};
		0CA23DDB19E3E74C00EB4626 /* frameworks */ = {
			isa = PBXGroup;
			children = (
				0CA23E1119E420BF00EB4626 /* Twitter.framework */,
				0CA23E0F19E420B800EB4626 /* Social.framework */,
				0CA23E0D19E420B300EB4626 /* Accounts.framework */,
				0CA23DEE19E3E7AF00EB4626 /* SystemConfiguration.framework */,
				0CA23DEC19E3E7A100EB4626 /* StoreKit.framework */,
				0CA23DEA19E3E79B00EB4626 /* Security.framework */,
				0CA23DE819E3E79300EB4626 /* QuartzCore.framework */,
				0CA23DE619E3E78E00EB4626 /* MobileCoreServices.framework */,
				0CA23DE419E3E78500EB4626 /* libz.dylib */,
				0CA23DE219E3E77D00EB4626 /* CoreLocation.framework */,
				0CA23DE019E3E77700EB4626 /* CoreGraphics.framework */,
				0CA23DDE19E3E76E00EB4626 /* CFNetwork.framework */,
				0CA23DDC19E3E76900EB4626 /* AudioToolbox.framework */,
				0CA23DD719E3E74700EB4626 /* Bolts.framework */,
				0CA23DD819E3E74700EB4626 /* Parse.framework */,
			);
			name = frameworks;
			sourceTree = "<group>";
		};
		0CA23DFF19E3F08E00EB4626 /* DataAccess Layer */ = {
			isa = PBXGroup;
			children = (
				0CA23DFB19E3F08800EB4626 /* ChatService.h */,
				0CA23DFC19E3F08800EB4626 /* ChatService.m */,
			);
			name = "DataAccess Layer";
			sourceTree = "<group>";
		};
		0CA23E0019E41D1F00EB4626 /* Controller */ = {
			isa = PBXGroup;
			children = (
				0CA23E0119E41D6C00EB4626 /* ConversationsTableViewController.h */,
				0CA23E0219E41D6C00EB4626 /* ConversationsTableViewController.m */,
				0CA23E0519E41D7B00EB4626 /* UsersTableViewController.h */,
				0CA23E0619E41D7B00EB4626 /* UsersTableViewController.m */,
				0CA23E0919E41D8600EB4626 /* MessagesTableViewController.h */,
				0CA23E0A19E41D8600EB4626 /* MessagesTableViewController.m */,
			);
			name = Controller;
			sourceTree = "<group>";
		};
		0CA23E2519E48FCD00EB4626 /* ViewModel */ = {
			isa = PBXGroup;
			children = (
				0CA23E2219E484B400EB4626 /* ConversationsListviewModel.h */,
				0CA23E2319E484B400EB4626 /* ConversationsListviewModel.m */,
			);
			name = ViewModel;
			sourceTree = "<group>";
		};
/* End PBXGroup section */

/* Begin PBXNativeTarget section */
		0CA23DA019E3E0C200EB4626 /* iChat */ = {
			isa = PBXNativeTarget;
			buildConfigurationList = 0CA23DC719E3E0C200EB4626 /* Build configuration list for PBXNativeTarget "iChat" */;
			buildPhases = (
				0CA23D9D19E3E0C200EB4626 /* Sources */,
				0CA23D9E19E3E0C200EB4626 /* Frameworks */,
				0CA23D9F19E3E0C200EB4626 /* Resources */,
			);
			buildRules = (
			);
			dependencies = (
			);
			name = iChat;
			productName = iChat;
			productReference = 0CA23DA119E3E0C200EB4626 /* iChat.app */;
			productType = "com.apple.product-type.application";
		};
		0CA23DBC19E3E0C200EB4626 /* iChatTests */ = {
			isa = PBXNativeTarget;
			buildConfigurationList = 0CA23DCA19E3E0C200EB4626 /* Build configuration list for PBXNativeTarget "iChatTests" */;
			buildPhases = (
				0CA23DB919E3E0C200EB4626 /* Sources */,
				0CA23DBA19E3E0C200EB4626 /* Frameworks */,
				0CA23DBB19E3E0C200EB4626 /* Resources */,
			);
			buildRules = (
			);
			dependencies = (
				0CA23DBF19E3E0C200EB4626 /* PBXTargetDependency */,
			);
			name = iChatTests;
			productName = iChatTests;
			productReference = 0CA23DBD19E3E0C200EB4626 /* iChatTests.xctest */;
			productType = "com.apple.product-type.bundle.unit-test";
		};
/* End PBXNativeTarget section */

/* Begin PBXProject section */
		0CA23D9919E3E0C200EB4626 /* Project object */ = {
			isa = PBXProject;
			attributes = {
				LastUpgradeCheck = 0600;
				ORGANIZATIONNAME = "Florian Burel";
				TargetAttributes = {
					0CA23DA019E3E0C200EB4626 = {
						CreatedOnToolsVersion = 6.0.1;
					};
					0CA23DBC19E3E0C200EB4626 = {
						CreatedOnToolsVersion = 6.0.1;
						TestTargetID = 0CA23DA019E3E0C200EB4626;
					};
				};
			};
			buildConfigurationList = 0CA23D9C19E3E0C200EB4626 /* Build configuration list for PBXProject "iChat" */;
			compatibilityVersion = "Xcode 3.2";
			developmentRegion = English;
			hasScannedForEncodings = 0;
			knownRegions = (
				en,
				Base,
			);
			mainGroup = 0CA23D9819E3E0C100EB4626;
			productRefGroup = 0CA23DA219E3E0C200EB4626 /* Products */;
			projectDirPath = "";
			projectRoot = "";
			targets = (
				0CA23DA019E3E0C200EB4626 /* iChat */,
				0CA23DBC19E3E0C200EB4626 /* iChatTests */,
			);
		};
/* End PBXProject section */

/* Begin PBXResourcesBuildPhase section */
		0CA23D9F19E3E0C200EB4626 /* Resources */ = {
			isa = PBXResourcesBuildPhase;
			buildActionMask = 2147483647;
			files = (
				0CA23DB319E3E0C200EB4626 /* Main.storyboard in Resources */,
				0CA23DB819E3E0C200EB4626 /* LaunchScreen.xib in Resources */,
				0CA23DB519E3E0C200EB4626 /* Images.xcassets in Resources */,
			);
			runOnlyForDeploymentPostprocessing = 0;
		};
		0CA23DBB19E3E0C200EB4626 /* Resources */ = {
			isa = PBXResourcesBuildPhase;
			buildActionMask = 2147483647;
			files = (
			);
			runOnlyForDeploymentPostprocessing = 0;
		};
/* End PBXResourcesBuildPhase section */

/* Begin PBXSourcesBuildPhase section */
		0CA23D9D19E3E0C200EB4626 /* Sources */ = {
			isa = PBXSourcesBuildPhase;
			buildActionMask = 2147483647;
			files = (
				0CA23DD219E3E31800EB4626 /* Conversation.m in Sources */,
				0CA23E0719E41D7B00EB4626 /* UsersTableViewController.m in Sources */,
				0CA23DFD19E3F08800EB4626 /* ChatService.m in Sources */,
				0CA23E0319E41D6C00EB4626 /* ConversationsTableViewController.m in Sources */,
				0CA23E2419E484B400EB4626 /* ConversationsListviewModel.m in Sources */,
				0CA23DCF19E3E29600EB4626 /* User.m in Sources */,
				0CA23E0B19E41D8600EB4626 /* MessagesTableViewController.m in Sources */,
				0CA23DAA19E3E0C200EB4626 /* AppDelegate.m in Sources */,
				0CA23DD519E3E32100EB4626 /* Message.m in Sources */,
				0CA23DAD19E3E0C200EB4626 /* iChat.xcdatamodeld in Sources */,
				0CA23DA719E3E0C200EB4626 /* main.m in Sources */,
			);
			runOnlyForDeploymentPostprocessing = 0;
		};
		0CA23DB919E3E0C200EB4626 /* Sources */ = {
			isa = PBXSourcesBuildPhase;
			buildActionMask = 2147483647;
			files = (
				0CA23E0C19E41D8600EB4626 /* MessagesTableViewController.m in Sources */,
				0CA23DFE19E3F08800EB4626 /* ChatService.m in Sources */,
				0CA23E0819E41D7B00EB4626 /* UsersTableViewController.m in Sources */,
				0CA23E0419E41D6C00EB4626 /* ConversationsTableViewController.m in Sources */,
				0CA23E2119E4758D00EB4626 /* ChatServiceTest.m in Sources */,
			);
			runOnlyForDeploymentPostprocessing = 0;
		};
/* End PBXSourcesBuildPhase section */

/* Begin PBXTargetDependency section */
		0CA23DBF19E3E0C200EB4626 /* PBXTargetDependency */ = {
			isa = PBXTargetDependency;
			target = 0CA23DA019E3E0C200EB4626 /* iChat */;
			targetProxy = 0CA23DBE19E3E0C200EB4626 /* PBXContainerItemProxy */;
		};
/* End PBXTargetDependency section */

/* Begin PBXVariantGroup section */
		0CA23DB119E3E0C200EB4626 /* Main.storyboard */ = {
			isa = PBXVariantGroup;
			children = (
				0CA23DB219E3E0C200EB4626 /* Base */,
			);
			name = Main.storyboard;
			sourceTree = "<group>";
		};
		0CA23DB619E3E0C200EB4626 /* LaunchScreen.xib */ = {
			isa = PBXVariantGroup;
			children = (
				0CA23DB719E3E0C200EB4626 /* Base */,
			);
			name = LaunchScreen.xib;
			sourceTree = "<group>";
		};
/* End PBXVariantGroup section */

/* Begin XCBuildConfiguration section */
		0CA23DC519E3E0C200EB4626 /* Debug */ = {
			isa = XCBuildConfiguration;
			buildSettings = {
				ALWAYS_SEARCH_USER_PATHS = NO;
				CLANG_CXX_LANGUAGE_STANDARD = "gnu++0x";
				CLANG_CXX_LIBRARY = "libc++";
				CLANG_ENABLE_MODULES = YES;
				CLANG_ENABLE_OBJC_ARC = YES;
				CLANG_WARN_BOOL_CONVERSION = YES;
				CLANG_WARN_CONSTANT_CONVERSION = YES;
				CLANG_WARN_DIRECT_OBJC_ISA_USAGE = YES_ERROR;
				CLANG_WARN_EMPTY_BODY = YES;
				CLANG_WARN_ENUM_CONVERSION = YES;
				CLANG_WARN_INT_CONVERSION = YES;
				CLANG_WARN_OBJC_ROOT_CLASS = YES_ERROR;
				CLANG_WARN_UNREACHABLE_CODE = YES;
				CLANG_WARN__DUPLICATE_METHOD_MATCH = YES;
				"CODE_SIGN_IDENTITY[sdk=iphoneos*]" = "iPhone Developer";
				COPY_PHASE_STRIP = NO;
				ENABLE_STRICT_OBJC_MSGSEND = YES;
				GCC_C_LANGUAGE_STANDARD = gnu99;
				GCC_DYNAMIC_NO_PIC = NO;
				GCC_OPTIMIZATION_LEVEL = 0;
				GCC_PREPROCESSOR_DEFINITIONS = (
					"DEBUG=1",
					"$(inherited)",
				);
				GCC_SYMBOLS_PRIVATE_EXTERN = NO;
				GCC_WARN_64_TO_32_BIT_CONVERSION = YES;
				GCC_WARN_ABOUT_RETURN_TYPE = YES_ERROR;
				GCC_WARN_UNDECLARED_SELECTOR = YES;
				GCC_WARN_UNINITIALIZED_AUTOS = YES_AGGRESSIVE;
				GCC_WARN_UNUSED_FUNCTION = YES;
				GCC_WARN_UNUSED_VARIABLE = YES;
				IPHONEOS_DEPLOYMENT_TARGET = 8.0;
				MTL_ENABLE_DEBUG_INFO = YES;
				ONLY_ACTIVE_ARCH = YES;
				SDKROOT = iphoneos;
			};
			name = Debug;
		};
		0CA23DC619E3E0C200EB4626 /* Release */ = {
			isa = XCBuildConfiguration;
			buildSettings = {
				ALWAYS_SEARCH_USER_PATHS = NO;
				CLANG_CXX_LANGUAGE_STANDARD = "gnu++0x";
				CLANG_CXX_LIBRARY = "libc++";
				CLANG_ENABLE_MODULES = YES;
				CLANG_ENABLE_OBJC_ARC = YES;
				CLANG_WARN_BOOL_CONVERSION = YES;
				CLANG_WARN_CONSTANT_CONVERSION = YES;
				CLANG_WARN_DIRECT_OBJC_ISA_USAGE = YES_ERROR;
				CLANG_WARN_EMPTY_BODY = YES;
				CLANG_WARN_ENUM_CONVERSION = YES;
				CLANG_WARN_INT_CONVERSION = YES;
				CLANG_WARN_OBJC_ROOT_CLASS = YES_ERROR;
				CLANG_WARN_UNREACHABLE_CODE = YES;
				CLANG_WARN__DUPLICATE_METHOD_MATCH = YES;
				"CODE_SIGN_IDENTITY[sdk=iphoneos*]" = "iPhone Developer";
				COPY_PHASE_STRIP = YES;
				ENABLE_NS_ASSERTIONS = NO;
				ENABLE_STRICT_OBJC_MSGSEND = YES;
				GCC_C_LANGUAGE_STANDARD = gnu99;
				GCC_WARN_64_TO_32_BIT_CONVERSION = YES;
				GCC_WARN_ABOUT_RETURN_TYPE = YES_ERROR;
				GCC_WARN_UNDECLARED_SELECTOR = YES;
				GCC_WARN_UNINITIALIZED_AUTOS = YES_AGGRESSIVE;
				GCC_WARN_UNUSED_FUNCTION = YES;
				GCC_WARN_UNUSED_VARIABLE = YES;
				IPHONEOS_DEPLOYMENT_TARGET = 8.0;
				MTL_ENABLE_DEBUG_INFO = NO;
				SDKROOT = iphoneos;
				VALIDATE_PRODUCT = YES;
			};
			name = Release;
		};
		0CA23DC819E3E0C200EB4626 /* Debug */ = {
			isa = XCBuildConfiguration;
			buildSettings = {
				ASSETCATALOG_COMPILER_APPICON_NAME = AppIcon;
				FRAMEWORK_SEARCH_PATHS = (
					"$(inherited)",
					"$(PROJECT_DIR)/iChat",
				);
				INFOPLIST_FILE = iChat/Info.plist;
				LD_RUNPATH_SEARCH_PATHS = "$(inherited) @executable_path/Frameworks";
				PRODUCT_NAME = "$(TARGET_NAME)";
			};
			name = Debug;
		};
		0CA23DC919E3E0C200EB4626 /* Release */ = {
			isa = XCBuildConfiguration;
			buildSettings = {
				ASSETCATALOG_COMPILER_APPICON_NAME = AppIcon;
				FRAMEWORK_SEARCH_PATHS = (
					"$(inherited)",
					"$(PROJECT_DIR)/iChat",
				);
				INFOPLIST_FILE = iChat/Info.plist;
				LD_RUNPATH_SEARCH_PATHS = "$(inherited) @executable_path/Frameworks";
				PRODUCT_NAME = "$(TARGET_NAME)";
			};
			name = Release;
		};
		0CA23DCB19E3E0C200EB4626 /* Debug */ = {
			isa = XCBuildConfiguration;
			buildSettings = {
				BUNDLE_LOADER = "$(TEST_HOST)";
				FRAMEWORK_SEARCH_PATHS = (
					"$(SDKROOT)/Developer/Library/Frameworks",
					"$(inherited)",
					"$(PROJECT_DIR)/iChat",
				);
				GCC_PREPROCESSOR_DEFINITIONS = (
					"DEBUG=1",
					"$(inherited)",
				);
				INFOPLIST_FILE = iChatTests/Info.plist;
				LD_RUNPATH_SEARCH_PATHS = "$(inherited) @executable_path/Frameworks @loader_path/Frameworks";
				PRODUCT_NAME = "$(TARGET_NAME)";
				TEST_HOST = "$(BUILT_PRODUCTS_DIR)/iChat.app/iChat";
			};
			name = Debug;
		};
		0CA23DCC19E3E0C200EB4626 /* Release */ = {
			isa = XCBuildConfiguration;
			buildSettings = {
				BUNDLE_LOADER = "$(TEST_HOST)";
				FRAMEWORK_SEARCH_PATHS = (
					"$(SDKROOT)/Developer/Library/Frameworks",
					"$(inherited)",
					"$(PROJECT_DIR)/iChat",
				);
				INFOPLIST_FILE = iChatTests/Info.plist;
				LD_RUNPATH_SEARCH_PATHS = "$(inherited) @executable_path/Frameworks @loader_path/Frameworks";
				PRODUCT_NAME = "$(TARGET_NAME)";
				TEST_HOST = "$(BUILT_PRODUCTS_DIR)/iChat.app/iChat";
			};
			name = Release;
		};
/* End XCBuildConfiguration section */

/* Begin XCConfigurationList section */
		0CA23D9C19E3E0C200EB4626 /* Build configuration list for PBXProject "iChat" */ = {
			isa = XCConfigurationList;
			buildConfigurations = (
				0CA23DC519E3E0C200EB4626 /* Debug */,
				0CA23DC619E3E0C200EB4626 /* Release */,
			);
			defaultConfigurationIsVisible = 0;
			defaultConfigurationName = Release;
		};
		0CA23DC719E3E0C200EB4626 /* Build configuration list for PBXNativeTarget "iChat" */ = {
			isa = XCConfigurationList;
			buildConfigurations = (
				0CA23DC819E3E0C200EB4626 /* Debug */,
				0CA23DC919E3E0C200EB4626 /* Release */,
			);
			defaultConfigurationIsVisible = 0;
			defaultConfigurationName = Release;
		};
		0CA23DCA19E3E0C200EB4626 /* Build configuration list for PBXNativeTarget "iChatTests" */ = {
			isa = XCConfigurationList;
			buildConfigurations = (
				0CA23DCB19E3E0C200EB4626 /* Debug */,
				0CA23DCC19E3E0C200EB4626 /* Release */,
			);
			defaultConfigurationIsVisible = 0;
			defaultConfigurationName = Release;
		};
/* End XCConfigurationList section */

/* Begin XCVersionGroup section */
		0CA23DAB19E3E0C200EB4626 /* iChat.xcdatamodeld */ = {
			isa = XCVersionGroup;
			children = (
				0CA23DAC19E3E0C200EB4626 /* iChat.xcdatamodel */,
			);
			currentVersion = 0CA23DAC19E3E0C200EB4626 /* iChat.xcdatamodel */;
			path = iChat.xcdatamodeld;
			sourceTree = "<group>";
			versionGroupType = wrapper.xcdatamodel;
		};
/* End XCVersionGroup section */
	};
	rootObject = 0CA23D9919E3E0C200EB4626 /* Project object */;
}
